
Microsoft Visual Studio Solution File, Format Version 12.00
# Visual Studio Version 16
VisualStudioVersion = 16.0.31410.357
MinimumVisualStudioVersion = 10.0.40219.1
Project("{FAE04EC0-301F-11D3-BF4B-00C04F79EFBC}") = "UD5E20", "UD5E20\UD5E20.csproj", "{77B7DBD4-9047-4B3D-B99E-EAD1892572F7}"
EndProject
Global
	GlobalSection(SolutionConfigurationPlatforms) = preSolution
		Debug|Any CPU = Debug|Any CPU
		Release|Any CPU = Release|Any CPU
	EndGlobalSection
	GlobalSection(ProjectConfigurationPlatforms) = postSolution
		{77B7DBD4-9047-4B3D-B99E-EAD1892572F7}.Debug|Any CPU.ActiveCfg = Debug|Any CPU
		{77B7DBD4-9047-4B3D-B99E-EAD1892572F7}.Debug|Any CPU.Build.0 = Debug|Any CPU
		{77B7DBD4-9047-4B3D-B99E-EAD1892572F7}.Release|Any CPU.ActiveCfg = Release|Any CPU
		{77B7DBD4-9047-4B3D-B99E-EAD1892572F7}.Release|Any CPU.Build.0 = Release|Any CPU
	EndGlobalSection
	GlobalSection(SolutionProperties) = preSolution
		HideSolutionNode = FALSE
	EndGlobalSection
	GlobalSection(ExtensibilityGlobals) = postSolution
		SolutionGuid = {FBD2D036-BC55-42DA-A6B4-DC359E96524C}
	EndGlobalSection
EndGlobal
